
Microsoft Visual Studio Solution File, Format Version 12.00
# Visual Studio Version 16
VisualStudioVersion = 16.0.32002.261
MinimumVisualStudioVersion = 10.0.40219.1
Project("{FAE04EC0-301F-11D3-BF4B-00C04F79EFBC}") = "01_Types", "01_Types\01_Types.csproj", "{A87AB664-7FD6-40CB-839D-3A5C882DBF87}"
EndProject
Project("{FAE04EC0-301F-11D3-BF4B-00C04F79EFBC}") = "04_Methods", "04_Methods\04_Methods.csproj", "{64285011-AF91-4209-96B7-4014E188C449}"
EndProject
Project("{FAE04EC0-301F-11D3-BF4B-00C04F79EFBC}") = "02_Conditionals", "02_Conditionals\02_Conditionals.csproj", "{B029F4D9-50B3-4BCD-AC44-A9E8F4A02E59}"
EndProject
Project("{FAE04EC0-301F-11D3-BF4B-00C04F79EFBC}") = "03_Loops", "03_Loops\03_Loops.csproj", "{7C905328-CB5E-4AF3-8A09-9E5A9237DF0D}"
EndProject
Project("{FAE04EC0-301F-11D3-BF4B-00C04F79EFBC}") = "05_Classes", "05_Classes\05_Classes.csproj", "{23F120E1-5B56-4855-8161-D810E75EB53C}"
EndProject
Project("{FAE04EC0-301F-11D3-BF4B-00C04F79EFBC}") = "06_RepositoryPattern_Repository", "06_RepositoryPattern_Repository\06_RepositoryPattern_Repository.csproj", "{2A709CF7-A285-4286-8E9D-5D87A952B128}"
EndProject
Project("{FAE04EC0-301F-11D3-BF4B-00C04F79EFBC}") = "06_RepositoryPattern_Console", "06_RepositoryPattern_Console\06_RepositoryPattern_Console.csproj", "{052465F0-4EDE-4961-9322-3F2EE0A74E2F}"
EndProject
Project("{FAE04EC0-301F-11D3-BF4B-00C04F79EFBC}") = "06_RepositoryPattern_Tests", "06_RepositoryPattern_Tests\06_RepositoryPattern_Tests.csproj", "{5746C437-489D-4C4E-AFCF-E0D4B131E776}"
EndProject
Project("{FAE04EC0-301F-11D3-BF4B-00C04F79EFBC}") = "07_Inheritance", "07_Inheritance\07_Inheritance.csproj", "{E17E0743-441D-4A6D-8481-AE680207CF74}"
EndProject
Global
	GlobalSection(SolutionConfigurationPlatforms) = preSolution
		Debug|Any CPU = Debug|Any CPU
		Release|Any CPU = Release|Any CPU
	EndGlobalSection
	GlobalSection(ProjectConfigurationPlatforms) = postSolution
		{A87AB664-7FD6-40CB-839D-3A5C882DBF87}.Debug|Any CPU.ActiveCfg = Debug|Any CPU
		{A87AB664-7FD6-40CB-839D-3A5C882DBF87}.Debug|Any CPU.Build.0 = Debug|Any CPU
		{A87AB664-7FD6-40CB-839D-3A5C882DBF87}.Release|Any CPU.ActiveCfg = Release|Any CPU
		{A87AB664-7FD6-40CB-839D-3A5C882DBF87}.Release|Any CPU.Build.0 = Release|Any CPU
		{64285011-AF91-4209-96B7-4014E188C449}.Debug|Any CPU.ActiveCfg = Debug|Any CPU
		{64285011-AF91-4209-96B7-4014E188C449}.Debug|Any CPU.Build.0 = Debug|Any CPU
		{64285011-AF91-4209-96B7-4014E188C449}.Release|Any CPU.ActiveCfg = Release|Any CPU
		{64285011-AF91-4209-96B7-4014E188C449}.Release|Any CPU.Build.0 = Release|Any CPU
		{B029F4D9-50B3-4BCD-AC44-A9E8F4A02E59}.Debug|Any CPU.ActiveCfg = Debug|Any CPU
		{B029F4D9-50B3-4BCD-AC44-A9E8F4A02E59}.Debug|Any CPU.Build.0 = Debug|Any CPU
		{B029F4D9-50B3-4BCD-AC44-A9E8F4A02E59}.Release|Any CPU.ActiveCfg = Release|Any CPU
		{B029F4D9-50B3-4BCD-AC44-A9E8F4A02E59}.Release|Any CPU.Build.0 = Release|Any CPU
		{7C905328-CB5E-4AF3-8A09-9E5A9237DF0D}.Debug|Any CPU.ActiveCfg = Debug|Any CPU
		{7C905328-CB5E-4AF3-8A09-9E5A9237DF0D}.Debug|Any CPU.Build.0 = Debug|Any CPU
		{7C905328-CB5E-4AF3-8A09-9E5A9237DF0D}.Release|Any CPU.ActiveCfg = Release|Any CPU
		{7C905328-CB5E-4AF3-8A09-9E5A9237DF0D}.Release|Any CPU.Build.0 = Release|Any CPU
		{23F120E1-5B56-4855-8161-D810E75EB53C}.Debug|Any CPU.ActiveCfg = Debug|Any CPU
		{23F120E1-5B56-4855-8161-D810E75EB53C}.Debug|Any CPU.Build.0 = Debug|Any CPU
		{23F120E1-5B56-4855-8161-D810E75EB53C}.Release|Any CPU.ActiveCfg = Release|Any CPU
		{23F120E1-5B56-4855-8161-D810E75EB53C}.Release|Any CPU.Build.0 = Release|Any CPU
		{2A709CF7-A285-4286-8E9D-5D87A952B128}.Debug|Any CPU.ActiveCfg = Debug|Any CPU
		{2A709CF7-A285-4286-8E9D-5D87A952B128}.Debug|Any CPU.Build.0 = Debug|Any CPU
		{2A709CF7-A285-4286-8E9D-5D87A952B128}.Release|Any CPU.ActiveCfg = Release|Any CPU
		{2A709CF7-A285-4286-8E9D-5D87A952B128}.Release|Any CPU.Build.0 = Release|Any CPU
		{052465F0-4EDE-4961-9322-3F2EE0A74E2F}.Debug|Any CPU.ActiveCfg = Debug|Any CPU
		{052465F0-4EDE-4961-9322-3F2EE0A74E2F}.Debug|Any CPU.Build.0 = Debug|Any CPU
		{052465F0-4EDE-4961-9322-3F2EE0A74E2F}.Release|Any CPU.ActiveCfg = Release|Any CPU
		{052465F0-4EDE-4961-9322-3F2EE0A74E2F}.Release|Any CPU.Build.0 = Release|Any CPU
		{5746C437-489D-4C4E-AFCF-E0D4B131E776}.Debug|Any CPU.ActiveCfg = Debug|Any CPU
		{5746C437-489D-4C4E-AFCF-E0D4B131E776}.Debug|Any CPU.Build.0 = Debug|Any CPU
		{5746C437-489D-4C4E-AFCF-E0D4B131E776}.Release|Any CPU.ActiveCfg = Release|Any CPU
		{5746C437-489D-4C4E-AFCF-E0D4B131E776}.Release|Any CPU.Build.0 = Release|Any CPU
		{E17E0743-441D-4A6D-8481-AE680207CF74}.Debug|Any CPU.ActiveCfg = Debug|Any CPU
		{E17E0743-441D-4A6D-8481-AE680207CF74}.Debug|Any CPU.Build.0 = Debug|Any CPU
		{E17E0743-441D-4A6D-8481-AE680207CF74}.Release|Any CPU.ActiveCfg = Release|Any CPU
		{E17E0743-441D-4A6D-8481-AE680207CF74}.Release|Any CPU.Build.0 = Release|Any CPU
	EndGlobalSection
	GlobalSection(SolutionProperties) = preSolution
		HideSolutionNode = FALSE
	EndGlobalSection
	GlobalSection(ExtensibilityGlobals) = postSolution
		SolutionGuid = {A441EDAA-17CD-4B48-9439-5D903D96EBE0}
	EndGlobalSection
EndGlobal
